%{"bunt": {:hex, :bunt, "0.1.5", "c378ea1698232597d3778e4b83234dcea4a60e7c28114b0fe53657a2c0d8885e", [:mix], []},
  "coverex": {:hex, :coverex, "1.4.3", "c9e5520ac10c4eccaa0611605ddf769e50079ca348060329b698db3b058c2720", [:mix], [{:poison, "~> 1.4.0", [hex: :poison, optional: false]}, {:httpoison, "0.7.2", [hex: :httpoison, optional: false]}]},
  "credo": {:hex, :credo, "0.1.10", "2f042235207b6ea90ca3923b31cddecd7547ce5bd27aed98fd595396f1d833f3", [:mix], [{:bunt, "~> 0.1.4", [hex: :bunt, optional: false]}]},
  "dialyxir": {:git, "https://github.com/jeremyjh/dialyxir.git", "c038a185299d96407922838010e4687a27ef8e07", []},
  "dye": {:hex, :dye, "0.4.0", "0cf2b80b3e8b1f95acd28e3187d874527bb4799134d20ab42bcfef094f85c94b", [:mix], []},
  "earmark": {:hex, :earmark, "0.1.19", "ffec54f520a11b711532c23d8a52b75a74c09697062d10613fa2dbdf8a9db36e", [:mix], []},
  "ex_doc": {:hex, :ex_doc, "0.11.1", "43a16e4168e384213a052e6ee77723b765165b866ac52a10394dfa8f7de5b203", [:mix], [{:earmark, "~> 0.1.17 or ~> 0.2", [hex: :earmark, optional: true]}]},
  "hackney": {:hex, :hackney, "1.3.2", "43bd07ab88753f5e136e38fddd2a09124bee25733b03361eeb459d0173fc17ab", [:rebar, :make], [{:ssl_verify_hostname, "~> 1.0.5", [hex: :ssl_verify_hostname, optional: false]}, {:idna, "~> 1.0.2", [hex: :idna, optional: false]}]},
  "hexate": {:hex, :hexate, "0.5.1"},
  "httpoison": {:hex, :httpoison, "0.7.2", "e13ab8c056481b83aebe225fbc2260c3dfeac4d7271e9af80f234e3186fa843b", [:mix], [{:hackney, "~> 1.3.1", [hex: :hackney, optional: false]}]},
  "idna": {:hex, :idna, "1.0.2", "397e3d001c002319da75759b0a81156bf11849c71d565162436d50020cb7265e", [:make], []},
  "poison": {:hex, :poison, "1.4.0", "cd5afb9db7f0d19487572fa28185b6d4de647f14235746824e77b3139b79b725", [:mix], []},
  "ranch": {:hex, :ranch, "1.2.0", "b286a948a0706a700a9f577e5cecbb2dc66097ea79f3ddb20ba5536069bdb7aa", [:make], []},
  "ssl_verify_hostname": {:hex, :ssl_verify_hostname, "1.0.5", "2e73e068cd6393526f9fa6d399353d7c9477d6886ba005f323b592d389fb47be", [:make], []}}
